
Microsoft Visual Studio Solution File, Format Version 12.00
# Visual Studio 15
VisualStudioVersion = 15.0.27924.0
MinimumVisualStudioVersion = 10.0.40219.1
Project("{FAE04EC0-301F-11D3-BF4B-00C04F79EFBC}") = "TwitterFollowerLists.Web", "TwitterFollowerLists.Web\TwitterFollowerLists.Web.csproj", "{BCBB1E48-9F94-4E70-8F49-3EE0AF93AD78}"
EndProject
Project("{2150E333-8FDC-42A3-9474-1A3956D46DE8}") = "GreaseMonkey", "GreaseMonkey", "{60529140-B221-4E91-9D05-931E81BFE044}"
EndProject
Global
	GlobalSection(SolutionConfigurationPlatforms) = preSolution
		Debug|Any CPU = Debug|Any CPU
		Release|Any CPU = Release|Any CPU
	EndGlobalSection
	GlobalSection(ProjectConfigurationPlatforms) = postSolution
		{BCBB1E48-9F94-4E70-8F49-3EE0AF93AD78}.Debug|Any CPU.ActiveCfg = Debug|Any CPU
		{BCBB1E48-9F94-4E70-8F49-3EE0AF93AD78}.Debug|Any CPU.Build.0 = Debug|Any CPU
		{BCBB1E48-9F94-4E70-8F49-3EE0AF93AD78}.Release|Any CPU.ActiveCfg = Release|Any CPU
		{BCBB1E48-9F94-4E70-8F49-3EE0AF93AD78}.Release|Any CPU.Build.0 = Release|Any CPU
	EndGlobalSection
	GlobalSection(SolutionProperties) = preSolution
		HideSolutionNode = FALSE
	EndGlobalSection
	GlobalSection(ExtensibilityGlobals) = postSolution
		SolutionGuid = {F46B932F-9069-40FC-A636-CE115FE66E8F}
	EndGlobalSection
EndGlobal
